
Microsoft Visual Studio Solution File, Format Version 12.00
# Visual Studio Version 17
VisualStudioVersion = 17.4.33205.214
MinimumVisualStudioVersion = 10.0.40219.1
Project("{FAE04EC0-301F-11D3-BF4B-00C04F79EFBC}") = "Address Book", "Address Book.csproj", "{FBA5A5F6-A1B3-4CC9-A124-7089A2CC69E5}"
EndProject
Global
	GlobalSection(SolutionConfigurationPlatforms) = preSolution
		Debug|Any CPU = Debug|Any CPU
		Release|Any CPU = Release|Any CPU
	EndGlobalSection
	GlobalSection(ProjectConfigurationPlatforms) = postSolution
		{FBA5A5F6-A1B3-4CC9-A124-7089A2CC69E5}.Debug|Any CPU.ActiveCfg = Debug|Any CPU
		{FBA5A5F6-A1B3-4CC9-A124-7089A2CC69E5}.Debug|Any CPU.Build.0 = Debug|Any CPU
		{FBA5A5F6-A1B3-4CC9-A124-7089A2CC69E5}.Release|Any CPU.ActiveCfg = Release|Any CPU
		{FBA5A5F6-A1B3-4CC9-A124-7089A2CC69E5}.Release|Any CPU.Build.0 = Release|Any CPU
	EndGlobalSection
	GlobalSection(SolutionProperties) = preSolution
		HideSolutionNode = FALSE
	EndGlobalSection
	GlobalSection(ExtensibilityGlobals) = postSolution
		SolutionGuid = {3B5449A4-64B9-43D8-9C55-0A80FF898A8F}
	EndGlobalSection
EndGlobal
